PODS:
  - Alamofire (4.7.3)
  - Keys (1.0.0)
  - Kingfisher (4.10.0)

DEPENDENCIES:
  - Alamofire (~> 4.7)
  - Keys (from `Pods/CocoaPodsKeys`)
  - Kingfisher (~> 4.10)

SPEC REPOS:
  https://github.com/CocoaPods/Specs.git:
    - Alamofire
    - Kingfisher

EXTERNAL SOURCES:
  Keys:
    :path: Pods/CocoaPodsKeys

SPEC CHECKSUMS:
  Alamofire: c7287b6e5d7da964a70935e5db17046b7fde6568
  Keys: af65e23feef2a047b3277b1ef0399f1209ef9d46
  Kingfisher: 43c4b802d8b5256cf1f4379e9cd10b329be6d3e2

PODFILE CHECKSUM: 9ee03253c228b4cb28afc886aa2fe4092108bb4e

COCOAPODS: 1.5.0
